
Microsoft Visual Studio Solution File, Format Version 12.00
# Visual Studio Version 17
VisualStudioVersion = 17.7.34221.43
MinimumVisualStudioVersion = 10.0.40219.1
Project("{FAE04EC0-301F-11D3-BF4B-00C04F79EFBC}") = "AdvancedAtmosphereTools", "AdvancedAtmosphereTools.csproj", "{3B632FD0-6EBC-48F9-9588-7C5999DBFD66}"
EndProject
Global
	GlobalSection(SolutionConfigurationPlatforms) = preSolution
		Debug|Any CPU = Debug|Any CPU
		Release|Any CPU = Release|Any CPU
	EndGlobalSection
	GlobalSection(ProjectConfigurationPlatforms) = postSolution
		{3B632FD0-6EBC-48F9-9588-7C5999DBFD66}.Debug|Any CPU.ActiveCfg = Debug|Any CPU
		{3B632FD0-6EBC-48F9-9588-7C5999DBFD66}.Debug|Any CPU.Build.0 = Debug|Any CPU
		{3B632FD0-6EBC-48F9-9588-7C5999DBFD66}.Release|Any CPU.ActiveCfg = Release|Any CPU
		{3B632FD0-6EBC-48F9-9588-7C5999DBFD66}.Release|Any CPU.Build.0 = Release|Any CPU
	EndGlobalSection
	GlobalSection(SolutionProperties) = preSolution
		HideSolutionNode = FALSE
	EndGlobalSection
	GlobalSection(ExtensibilityGlobals) = postSolution
		SolutionGuid = {46625564-A647-4D1C-BE05-0F5761686D1F}
	EndGlobalSection
EndGlobal
